// !$*UTF8*$!
{
	archiveVersion = 1;
	classes = {
	};
	objectVersion = 46;
	objects = {

/* Begin PBXBuildFile section */
		530AE1B919710CC8002D69FD /* HMNetwork.m in Sources */ = {isa = PBXBuildFile; fileRef = 530AE1B819710CC8002D69FD /* HMNetwork.m */; };
		530AE1BC19710D29002D69FD /* HMAPI.m in Sources */ = {isa = PBXBuildFile; fileRef = 530AE1BB19710D29002D69FD /* HMAPI.m */; };
		530AE1C019710E3A002D69FD /* HMSettings.m in Sources */ = {isa = PBXBuildFile; fileRef = 530AE1BF19710E3A002D69FD /* HMSettings.m */; };
		530AE1C319710ECD002D69FD /* HMBasicViewModel.m in Sources */ = {isa = PBXBuildFile; fileRef = 530AE1C219710ECD002D69FD /* HMBasicViewModel.m */; };
		530AE1C719711079002D69FD /* Common.xcassets in Resources */ = {isa = PBXBuildFile; fileRef = 530AE1C619711079002D69FD /* Common.xcassets */; };
		530AE1CB1971117A002D69FD /* Button.xcassets in Resources */ = {isa = PBXBuildFile; fileRef = 530AE1CA1971117A002D69FD /* Button.xcassets */; };
		530AE1CD1971168A002D69FD /* Launcher.xcassets in Resources */ = {isa = PBXBuildFile; fileRef = 530AE1CC1971168A002D69FD /* Launcher.xcassets */; };
		530AE1D119711795002D69FD /* HMLauncherViewController.m in Sources */ = {isa = PBXBuildFile; fileRef = 530AE1D019711795002D69FD /* HMLauncherViewController.m */; };
		530AE1D4197117A4002D69FD /* HMAssistantViewController.m in Sources */ = {isa = PBXBuildFile; fileRef = 530AE1D3197117A4002D69FD /* HMAssistantViewController.m */; };
		530AE1D7197117B1002D69FD /* HMEquipmentViewController.m in Sources */ = {isa = PBXBuildFile; fileRef = 530AE1D6197117B1002D69FD /* HMEquipmentViewController.m */; };
		530AE1DA197117C6002D69FD /* HMMoreViewController.m in Sources */ = {isa = PBXBuildFile; fileRef = 530AE1D9197117C6002D69FD /* HMMoreViewController.m */; };
		530AE1DD197117F7002D69FD /* HMRouteViewController.m in Sources */ = {isa = PBXBuildFile; fileRef = 530AE1DC197117F7002D69FD /* HMRouteViewController.m */; };
		530AE1E0197118AA002D69FD /* HMLauncherView.m in Sources */ = {isa = PBXBuildFile; fileRef = 530AE1DF197118AA002D69FD /* HMLauncherView.m */; };
		530AE1E319711907002D69FD /* HMNavigationController.m in Sources */ = {isa = PBXBuildFile; fileRef = 530AE1E219711907002D69FD /* HMNavigationController.m */; };
		530AE1E61971192E002D69FD /* HMTabBarController.m in Sources */ = {isa = PBXBuildFile; fileRef = 530AE1E51971192E002D69FD /* HMTabBarController.m */; };
		530AE1E919711A47002D69FD /* HMFocusView.m in Sources */ = {isa = PBXBuildFile; fileRef = 530AE1E819711A47002D69FD /* HMFocusView.m */; };
		530AE1EC19711A67002D69FD /* HMListMenuView.m in Sources */ = {isa = PBXBuildFile; fileRef = 530AE1EB19711A67002D69FD /* HMListMenuView.m */; };
		530AE1EF19711A8F002D69FD /* HMGridContentView.m in Sources */ = {isa = PBXBuildFile; fileRef = 530AE1EE19711A8F002D69FD /* HMGridContentView.m */; };
		530AE1F319712044002D69FD /* HMCheckBox.m in Sources */ = {isa = PBXBuildFile; fileRef = 530AE1F219712044002D69FD /* HMCheckBox.m */; };
		530AE1F619712E35002D69FD /* HMFocus.m in Sources */ = {isa = PBXBuildFile; fileRef = 530AE1F519712E35002D69FD /* HMFocus.m */; };
		530AE1F919716462002D69FD /* HMGridMenuViewCell.m in Sources */ = {isa = PBXBuildFile; fileRef = 530AE1F819716462002D69FD /* HMGridMenuViewCell.m */; };
		530AE1FD1972518A002D69FD /* HMCollectionViewLayout.m in Sources */ = {isa = PBXBuildFile; fileRef = 530AE1FC1972518A002D69FD /* HMCollectionViewLayout.m */; };
		530AE200197255C9002D69FD /* HMViewController.m in Sources */ = {isa = PBXBuildFile; fileRef = 530AE1FF197255C9002D69FD /* HMViewController.m */; };
		531D68211976CE4E009C89D4 /* HMRoute.m in Sources */ = {isa = PBXBuildFile; fileRef = 531D68201976CE4E009C89D4 /* HMRoute.m */; };
		531D68241976CEA8009C89D4 /* HMRoad.m in Sources */ = {isa = PBXBuildFile; fileRef = 531D68231976CEA8009C89D4 /* HMRoad.m */; };
		531D68261976E652009C89D4 /* trip.sql in Resources */ = {isa = PBXBuildFile; fileRef = 531D68251976E652009C89D4 /* trip.sql */; };
		5358B4281976BF95003D8F20 /* HMTripHeaderView.m in Sources */ = {isa = PBXBuildFile; fileRef = 5358B4271976BF95003D8F20 /* HMTripHeaderView.m */; };
		53659C83197409A40030F4CC /* HMFeeViewController.m in Sources */ = {isa = PBXBuildFile; fileRef = 53659C82197409A40030F4CC /* HMFeeViewController.m */; };
		53659C8719740BEA0030F4CC /* HMTripViewController.m in Sources */ = {isa = PBXBuildFile; fileRef = 53659C8619740BEA0030F4CC /* HMTripViewController.m */; };
		53659C8B1974105F0030F4CC /* HMFeeTableViewCell.m in Sources */ = {isa = PBXBuildFile; fileRef = 53659C8A1974105F0030F4CC /* HMFeeTableViewCell.m */; };
		53659C8E197410830030F4CC /* HMTripAddItemTableViewCell.m in Sources */ = {isa = PBXBuildFile; fileRef = 53659C8D197410830030F4CC /* HMTripAddItemTableViewCell.m */; };
		53659C91197410930030F4CC /* HMTripCheckItemTableViewCell.m in Sources */ = {isa = PBXBuildFile; fileRef = 53659C90197410930030F4CC /* HMTripCheckItemTableViewCell.m */; };
		53659C941974119F0030F4CC /* HMTripListItemTableViewCell.m in Sources */ = {isa = PBXBuildFile; fileRef = 53659C931974119F0030F4CC /* HMTripListItemTableViewCell.m */; };
		53659C9719741F9D0030F4CC /* HMAddFeeView.m in Sources */ = {isa = PBXBuildFile; fileRef = 53659C9619741F9D0030F4CC /* HMAddFeeView.m */; };
		53659C9A19741FAD0030F4CC /* HMSumFeeView.m in Sources */ = {isa = PBXBuildFile; fileRef = 53659C9919741FAD0030F4CC /* HMSumFeeView.m */; };
		53659C9D1974B12D0030F4CC /* HMTripStepView.m in Sources */ = {isa = PBXBuildFile; fileRef = 53659C9C1974B12D0030F4CC /* HMTripStepView.m */; };
		53659CA01974B1560030F4CC /* HMTripInputView.m in Sources */ = {isa = PBXBuildFile; fileRef = 53659C9F1974B1560030F4CC /* HMTripInputView.m */; };
		5365ADDA196AC38900146C54 /* Foundation.framework in Frameworks */ = {isa = PBXBuildFile; fileRef = 5365ADD9196AC38900146C54 /* Foundation.framework */; };
		5365ADDC196AC38900146C54 /* CoreGraphics.framework in Frameworks */ = {isa = PBXBuildFile; fileRef = 5365ADDB196AC38900146C54 /* CoreGraphics.framework */; };
		5365ADDE196AC38900146C54 /* UIKit.framework in Frameworks */ = {isa = PBXBuildFile; fileRef = 5365ADDD196AC38900146C54 /* UIKit.framework */; };
		5365ADE4196AC38900146C54 /* InfoPlist.strings in Resources */ = {isa = PBXBuildFile; fileRef = 5365ADE2196AC38900146C54 /* InfoPlist.strings */; };
		5365ADE6196AC38900146C54 /* main.m in Sources */ = {isa = PBXBuildFile; fileRef = 5365ADE5196AC38900146C54 /* main.m */; };
		5365ADEA196AC38900146C54 /* HMAppDelegate.m in Sources */ = {isa = PBXBuildFile; fileRef = 5365ADE9196AC38900146C54 /* HMAppDelegate.m */; };
		5365ADF5196AC38900146C54 /* Images.xcassets in Resources */ = {isa = PBXBuildFile; fileRef = 5365ADF4196AC38900146C54 /* Images.xcassets */; };
		5365ADFC196AC38A00146C54 /* XCTest.framework in Frameworks */ = {isa = PBXBuildFile; fileRef = 5365ADFB196AC38A00146C54 /* XCTest.framework */; };
		5365ADFD196AC38A00146C54 /* Foundation.framework in Frameworks */ = {isa = PBXBuildFile; fileRef = 5365ADD9196AC38900146C54 /* Foundation.framework */; };
		5365ADFE196AC38A00146C54 /* UIKit.framework in Frameworks */ = {isa = PBXBuildFile; fileRef = 5365ADDD196AC38900146C54 /* UIKit.framework */; };
		5365AE06196AC38A00146C54 /* InfoPlist.strings in Resources */ = {isa = PBXBuildFile; fileRef = 5365AE04196AC38A00146C54 /* InfoPlist.strings */; };
		5365AE08196AC38A00146C54 /* YoKoHaMaTests.m in Sources */ = {isa = PBXBuildFile; fileRef = 5365AE07196AC38A00146C54 /* YoKoHaMaTests.m */; };
		539197961972D43E0027FF55 /* HMWebViewController.m in Sources */ = {isa = PBXBuildFile; fileRef = 539197951972D43E0027FF55 /* HMWebViewController.m */; };
		539197991972D65C0027FF55 /* HMCommonViewModel.m in Sources */ = {isa = PBXBuildFile; fileRef = 539197981972D65C0027FF55 /* HMCommonViewModel.m */; };
		5391979D1972D84A0027FF55 /* HMHelper.m in Sources */ = {isa = PBXBuildFile; fileRef = 5391979C1972D84A0027FF55 /* HMHelper.m */; };
		53B239B9196AD2EF0071E92E /* LKPopupMenuController.m in Sources */ = {isa = PBXBuildFile; fileRef = 53B239B2196AD2EF0071E92E /* LKPopupMenuController.m */; };
		53B239BA196AD2EF0071E92E /* THZoomPopup.m in Sources */ = {isa = PBXBuildFile; fileRef = 53B239B5196AD2EF0071E92E /* THZoomPopup.m */; };
		53B239BB196AD2EF0071E92E /* UIImage+StackBlur.m in Sources */ = {isa = PBXBuildFile; fileRef = 53B239B7196AD2EF0071E92E /* UIImage+StackBlur.m */; };
		53B239BC196AD2EF0071E92E /* zoomPopupClose@2x.png in Resources */ = {isa = PBXBuildFile; fileRef = 53B239B8196AD2EF0071E92E /* zoomPopupClose@2x.png */; };
		7208499E79454F1D84B73DF0 /* libPods-YoKoHaMa.a in Frameworks */ = {isa = PBXBuildFile; fileRef = 796626B707534A64A97261D7 /* libPods-YoKoHaMa.a */; };
		A9219EDD198F2993001C9A20 /* UILabel+AttributedString.m in Sources */ = {isa = PBXBuildFile; fileRef = A9219EDC198F2993001C9A20 /* UILabel+AttributedString.m */; };
		A96EDFC21973D178007715F4 /* HMFeeDao.m in Sources */ = {isa = PBXBuildFile; fileRef = A96EDFAF1973D178007715F4 /* HMFeeDao.m */; };
		A96EDFC31973D178007715F4 /* HMItemDao.m in Sources */ = {isa = PBXBuildFile; fileRef = A96EDFB11973D178007715F4 /* HMItemDao.m */; };
		A96EDFC41973D178007715F4 /* HMTravelDao.m in Sources */ = {isa = PBXBuildFile; fileRef = A96EDFB31973D178007715F4 /* HMTravelDao.m */; };
		A96EDFC51973D178007715F4 /* HMTripDao.m in Sources */ = {isa = PBXBuildFile; fileRef = A96EDFB51973D178007715F4 /* HMTripDao.m */; };
		A96EDFC81973D178007715F4 /* HMItem.m in Sources */ = {isa = PBXBuildFile; fileRef = A96EDFBE1973D178007715F4 /* HMItem.m */; };
		A96EDFC91973D178007715F4 /* HMTrip.m in Sources */ = {isa = PBXBuildFile; fileRef = A96EDFBF1973D178007715F4 /* HMTrip.m */; };
		A96EDFCA1973D178007715F4 /* HMTravel.m in Sources */ = {isa = PBXBuildFile; fileRef = A96EDFC01973D178007715F4 /* HMTravel.m */; };
		A96EDFCB1973D178007715F4 /* HMFee.m in Sources */ = {isa = PBXBuildFile; fileRef = A96EDFC11973D178007715F4 /* HMFee.m */; };
		A96EDFD01973D18D007715F4 /* HMTripViewModel.m in Sources */ = {isa = PBXBuildFile; fileRef = A96EDFCC1973D18D007715F4 /* HMTripViewModel.m */; };
		A96EDFD11973D18D007715F4 /* HMFeeViewModel.m in Sources */ = {isa = PBXBuildFile; fileRef = A96EDFCE1973D18D007715F4 /* HMFeeViewModel.m */; };
		A96EDFD51973D49D007715F4 /* fee.sql in Resources */ = {isa = PBXBuildFile; fileRef = A96EDFD31973D49D007715F4 /* fee.sql */; };
		A96EDFD91973D4C5007715F4 /* HMDatabaseQueue.m in Sources */ = {isa = PBXBuildFile; fileRef = A96EDFD81973D4C5007715F4 /* HMDatabaseQueue.m */; };
		A9ACE9751976511600AAA7F3 /* HMNavigationView.m in Sources */ = {isa = PBXBuildFile; fileRef = A9ACE9741976511600AAA7F3 /* HMNavigationView.m */; };
		D1C53798B4004B9780F9FE09 /* libPods-YoKoHaMaTests.a in Frameworks */ = {isa = PBXBuildFile; fileRef = ADB773CEC68F4410B4B73FB0 /* libPods-YoKoHaMaTests.a */; };
/* End PBXBuildFile section */

/* Begin PBXContainerItemProxy section */
		5365ADFF196AC38A00146C54 /* PBXContainerItemProxy */ = {
			isa = PBXContainerItemProxy;
			containerPortal = 5365ADCE196AC38900146C54 /* Project object */;
			proxyType = 1;
			remoteGlobalIDString = 5365ADD5196AC38900146C54;
			remoteInfo = YoKoHaMa;
		};
/* End PBXContainerItemProxy section */

/* Begin PBXFileReference section */
		530AE1B719710CC8002D69FD /* HMNetwork.h */ = {isa = PBXFileReference; fileEncoding = 4; lastKnownFileType = sourcecode.c.h; path = HMNetwork.h; sourceTree = "<group>"; };
		530AE1B819710CC8002D69FD /* HMNetwork.m */ = {isa = PBXFileReference; fileEncoding = 4; lastKnownFileType = sourcecode.c.objc; path = HMNetwork.m; sourceTree = "<group>"; };
		530AE1BA19710D29002D69FD /* HMAPI.h */ = {isa = PBXFileReference; fileEncoding = 4; lastKnownFileType = sourcecode.c.h; path = HMAPI.h; sourceTree = "<group>"; };
		530AE1BB19710D29002D69FD /* HMAPI.m */ = {isa = PBXFileReference; fileEncoding = 4; lastKnownFileType = sourcecode.c.objc; path = HMAPI.m; sourceTree = "<group>"; };
		530AE1BE19710E3A002D69FD /* HMSettings.h */ = {isa = PBXFileReference; fileEncoding = 4; lastKnownFileType = sourcecode.c.h; path = HMSettings.h; sourceTree = "<group>"; };
		530AE1BF19710E3A002D69FD /* HMSettings.m */ = {isa = PBXFileReference; fileEncoding = 4; lastKnownFileType = sourcecode.c.objc; path = HMSettings.m; sourceTree = "<group>"; };
		530AE1C119710ECD002D69FD /* HMBasicViewModel.h */ = {isa = PBXFileReference; fileEncoding = 4; lastKnownFileType = sourcecode.c.h; path = HMBasicViewModel.h; sourceTree = "<group>"; };
		530AE1C219710ECD002D69FD /* HMBasicViewModel.m */ = {isa = PBXFileReference; fileEncoding = 4; lastKnownFileType = sourcecode.c.objc; path = HMBasicViewModel.m; sourceTree = "<group>"; };
		530AE1C619711079002D69FD /* Common.xcassets */ = {isa = PBXFileReference; lastKnownFileType = folder.assetcatalog; path = Common.xcassets; sourceTree = "<group>"; };
		530AE1CA1971117A002D69FD /* Button.xcassets */ = {isa = PBXFileReference; lastKnownFileType = folder.assetcatalog; path = Button.xcassets; sourceTree = "<group>"; };
		530AE1CC1971168A002D69FD /* Launcher.xcassets */ = {isa = PBXFileReference; lastKnownFileType = folder.assetcatalog; path = Launcher.xcassets; sourceTree = "<group>"; };
		530AE1CF19711795002D69FD /* HMLauncherViewController.h */ = {isa = PBXFileReference; fileEncoding = 4; lastKnownFileType = sourcecode.c.h; path = HMLauncherViewController.h; sourceTree = "<group>"; };
		530AE1D019711795002D69FD /* HMLauncherViewController.m */ = {isa = PBXFileReference; fileEncoding = 4; lastKnownFileType = sourcecode.c.objc; path = HMLauncherViewController.m; sourceTree = "<group>"; };
		530AE1D2197117A4002D69FD /* HMAssistantViewController.h */ = {isa = PBXFileReference; fileEncoding = 4; lastKnownFileType = sourcecode.c.h; path = HMAssistantViewController.h; sourceTree = "<group>"; };
		530AE1D3197117A4002D69FD /* HMAssistantViewController.m */ = {isa = PBXFileReference; fileEncoding = 4; lastKnownFileType = sourcecode.c.objc; path = HMAssistantViewController.m; sourceTree = "<group>"; };
		530AE1D5197117B1002D69FD /* HMEquipmentViewController.h */ = {isa = PBXFileReference; fileEncoding = 4; lastKnownFileType = sourcecode.c.h; path = HMEquipmentViewController.h; sourceTree = "<group>"; };
		530AE1D6197117B1002D69FD /* HMEquipmentViewController.m */ = {isa = PBXFileReference; fileEncoding = 4; lastKnownFileType = sourcecode.c.objc; path = HMEquipmentViewController.m; sourceTree = "<group>"; };
		530AE1D8197117C6002D69FD /* HMMoreViewController.h */ = {isa = PBXFileReference; fileEncoding = 4; lastKnownFileType = sourcecode.c.h; path = HMMoreViewController.h; sourceTree = "<group>"; };
		530AE1D9197117C6002D69FD /* HMMoreViewController.m */ = {isa = PBXFileReference; fileEncoding = 4; lastKnownFileType = sourcecode.c.objc; path = HMMoreViewController.m; sourceTree = "<group>"; };
		530AE1DB197117F7002D69FD /* HMRouteViewController.h */ = {isa = PBXFileReference; fileEncoding = 4; lastKnownFileType = sourcecode.c.h; path = HMRouteViewController.h; sourceTree = "<group>"; };
		530AE1DC197117F7002D69FD /* HMRouteViewController.m */ = {isa = PBXFileReference; fileEncoding = 4; lastKnownFileType = sourcecode.c.objc; path = HMRouteViewController.m; sourceTree = "<group>"; };
		530AE1DE197118AA002D69FD /* HMLauncherView.h */ = {isa = PBXFileReference; fileEncoding = 4; lastKnownFileType = sourcecode.c.h; path = HMLauncherView.h; sourceTree = "<group>"; };
		530AE1DF197118AA002D69FD /* HMLauncherView.m */ = {isa = PBXFileReference; fileEncoding = 4; lastKnownFileType = sourcecode.c.objc; path = HMLauncherView.m; sourceTree = "<group>"; };
		530AE1E119711907002D69FD /* HMNavigationController.h */ = {isa = PBXFileReference; fileEncoding = 4; lastKnownFileType = sourcecode.c.h; path = HMNavigationController.h; sourceTree = "<group>"; };
		530AE1E219711907002D69FD /* HMNavigationController.m */ = {isa = PBXFileReference; fileEncoding = 4; lastKnownFileType = sourcecode.c.objc; path = HMNavigationController.m; sourceTree = "<group>"; };
		530AE1E41971192E002D69FD /* HMTabBarController.h */ = {isa = PBXFileReference; fileEncoding = 4; lastKnownFileType = sourcecode.c.h; path = HMTabBarController.h; sourceTree = "<group>"; };
		530AE1E51971192E002D69FD /* HMTabBarController.m */ = {isa = PBXFileReference; fileEncoding = 4; lastKnownFileType = sourcecode.c.objc; path = HMTabBarController.m; sourceTree = "<group>"; };
		530AE1E719711A47002D69FD /* HMFocusView.h */ = {isa = PBXFileReference; fileEncoding = 4; lastKnownFileType = sourcecode.c.h; path = HMFocusView.h; sourceTree = "<group>"; };
		530AE1E819711A47002D69FD /* HMFocusView.m */ = {isa = PBXFileReference; fileEncoding = 4; lastKnownFileType = sourcecode.c.objc; path = HMFocusView.m; sourceTree = "<group>"; };
		530AE1EA19711A67002D69FD /* HMListMenuView.h */ = {isa = PBXFileReference; fileEncoding = 4; lastKnownFileType = sourcecode.c.h; path = HMListMenuView.h; sourceTree = "<group>"; };
		530AE1EB19711A67002D69FD /* HMListMenuView.m */ = {isa = PBXFileReference; fileEncoding = 4; lastKnownFileType = sourcecode.c.objc; path = HMListMenuView.m; sourceTree = "<group>"; };
		530AE1ED19711A8F002D69FD /* HMGridContentView.h */ = {isa = PBXFileReference; fileEncoding = 4; lastKnownFileType = sourcecode.c.h; path = HMGridContentView.h; sourceTree = "<group>"; };
		530AE1EE19711A8F002D69FD /* HMGridContentView.m */ = {isa = PBXFileReference; fileEncoding = 4; lastKnownFileType = sourcecode.c.objc; path = HMGridContentView.m; sourceTree = "<group>"; };
		530AE1F119712044002D69FD /* HMCheckBox.h */ = {isa = PBXFileReference; fileEncoding = 4; lastKnownFileType = sourcecode.c.h; path = HMCheckBox.h; sourceTree = "<group>"; };
		530AE1F219712044002D69FD /* HMCheckBox.m */ = {isa = PBXFileReference; fileEncoding = 4; lastKnownFileType = sourcecode.c.objc; path = HMCheckBox.m; sourceTree = "<group>"; };
		530AE1F419712E35002D69FD /* HMFocus.h */ = {isa = PBXFileReference; fileEncoding = 4; lastKnownFileType = sourcecode.c.h; path = HMFocus.h; sourceTree = "<group>"; };
		530AE1F519712E35002D69FD /* HMFocus.m */ = {isa = PBXFileReference; fileEncoding = 4; lastKnownFileType = sourcecode.c.objc; path = HMFocus.m; sourceTree = "<group>"; };
		530AE1F719716462002D69FD /* HMGridMenuViewCell.h */ = {isa = PBXFileReference; fileEncoding = 4; lastKnownFileType = sourcecode.c.h; path = HMGridMenuViewCell.h; sourceTree = "<group>"; };
		530AE1F819716462002D69FD /* HMGridMenuViewCell.m */ = {isa = PBXFileReference; fileEncoding = 4; lastKnownFileType = sourcecode.c.objc; path = HMGridMenuViewCell.m; sourceTree = "<group>"; };
		530AE1FB1972518A002D69FD /* HMCollectionViewLayout.h */ = {isa = PBXFileReference; fileEncoding = 4; lastKnownFileType = sourcecode.c.h; path = HMCollectionViewLayout.h; sourceTree = "<group>"; };
		530AE1FC1972518A002D69FD /* HMCollectionViewLayout.m */ = {isa = PBXFileReference; fileEncoding = 4; lastKnownFileType = sourcecode.c.objc; path = HMCollectionViewLayout.m; sourceTree = "<group>"; };
		530AE1FE197255C9002D69FD /* HMViewController.h */ = {isa = PBXFileReference; fileEncoding = 4; lastKnownFileType = sourcecode.c.h; path = HMViewController.h; sourceTree = "<group>"; };
		530AE1FF197255C9002D69FD /* HMViewController.m */ = {isa = PBXFileReference; fileEncoding = 4; lastKnownFileType = sourcecode.c.objc; path = HMViewController.m; sourceTree = "<group>"; };
		531D681F1976CE4E009C89D4 /* HMRoute.h */ = {isa = PBXFileReference; fileEncoding = 4; lastKnownFileType = sourcecode.c.h; path = HMRoute.h; sourceTree = "<group>"; };
		531D68201976CE4E009C89D4 /* HMRoute.m */ = {isa = PBXFileReference; fileEncoding = 4; lastKnownFileType = sourcecode.c.objc; path = HMRoute.m; sourceTree = "<group>"; };
		531D68221976CEA8009C89D4 /* HMRoad.h */ = {isa = PBXFileReference; fileEncoding = 4; lastKnownFileType = sourcecode.c.h; path = HMRoad.h; sourceTree = "<group>"; };
		531D68231976CEA8009C89D4 /* HMRoad.m */ = {isa = PBXFileReference; fileEncoding = 4; lastKnownFileType = sourcecode.c.objc; path = HMRoad.m; sourceTree = "<group>"; };
		531D68251976E652009C89D4 /* trip.sql */ = {isa = PBXFileReference; fileEncoding = 4; lastKnownFileType = text; path = trip.sql; sourceTree = "<group>"; };
		5358B4261976BF95003D8F20 /* HMTripHeaderView.h */ = {isa = PBXFileReference; fileEncoding = 4; lastKnownFileType = sourcecode.c.h; path = HMTripHeaderView.h; sourceTree = "<group>"; };
		5358B4271976BF95003D8F20 /* HMTripHeaderView.m */ = {isa = PBXFileReference; fileEncoding = 4; lastKnownFileType = sourcecode.c.objc; path = HMTripHeaderView.m; sourceTree = "<group>"; };
		53659C81197409A40030F4CC /* HMFeeViewController.h */ = {isa = PBXFileReference; fileEncoding = 4; lastKnownFileType = sourcecode.c.h; path = HMFeeViewController.h; sourceTree = "<group>"; };
		53659C82197409A40030F4CC /* HMFeeViewController.m */ = {isa = PBXFileReference; fileEncoding = 4; lastKnownFileType = sourcecode.c.objc; path = HMFeeViewController.m; sourceTree = "<group>"; };
		53659C8519740BEA0030F4CC /* HMTripViewController.h */ = {isa = PBXFileReference; fileEncoding = 4; lastKnownFileType = sourcecode.c.h; path = HMTripViewController.h; sourceTree = "<group>"; };
		53659C8619740BEA0030F4CC /* HMTripViewController.m */ = {isa = PBXFileReference; fileEncoding = 4; lastKnownFileType = sourcecode.c.objc; path = HMTripViewController.m; sourceTree = "<group>"; };
		53659C8819740E3D0030F4CC /* HMEntity.h */ = {isa = PBXFileReference; lastKnownFileType = sourcecode.c.h; path = HMEntity.h; sourceTree = "<group>"; };
		53659C891974105F0030F4CC /* HMFeeTableViewCell.h */ = {isa = PBXFileReference; fileEncoding = 4; lastKnownFileType = sourcecode.c.h; path = HMFeeTableViewCell.h; sourceTree = "<group>"; };
		53659C8A1974105F0030F4CC /* HMFeeTableViewCell.m */ = {isa = PBXFileReference; fileEncoding = 4; lastKnownFileType = sourcecode.c.objc; path = HMFeeTableViewCell.m; sourceTree = "<group>"; };
		53659C8C197410830030F4CC /* HMTripAddItemTableViewCell.h */ = {isa = PBXFileReference; fileEncoding = 4; lastKnownFileType = sourcecode.c.h; path = HMTripAddItemTableViewCell.h; sourceTree = "<group>"; };
		53659C8D197410830030F4CC /* HMTripAddItemTableViewCell.m */ = {isa = PBXFileReference; fileEncoding = 4; lastKnownFileType = sourcecode.c.objc; path = HMTripAddItemTableViewCell.m; sourceTree = "<group>"; };
		53659C8F197410930030F4CC /* HMTripCheckItemTableViewCell.h */ = {isa = PBXFileReference; fileEncoding = 4; lastKnownFileType = sourcecode.c.h; path = HMTripCheckItemTableViewCell.h; sourceTree = "<group>"; };
		53659C90197410930030F4CC /* HMTripCheckItemTableViewCell.m */ = {isa = PBXFileReference; fileEncoding = 4; lastKnownFileType = sourcecode.c.objc; path = HMTripCheckItemTableViewCell.m; sourceTree = "<group>"; };
		53659C921974119F0030F4CC /* HMTripListItemTableViewCell.h */ = {isa = PBXFileReference; fileEncoding = 4; lastKnownFileType = sourcecode.c.h; path = HMTripListItemTableViewCell.h; sourceTree = "<group>"; };
		53659C931974119F0030F4CC /* HMTripListItemTableViewCell.m */ = {isa = PBXFileReference; fileEncoding = 4; lastKnownFileType = sourcecode.c.objc; path = HMTripListItemTableViewCell.m; sourceTree = "<group>"; };
		53659C9519741F9D0030F4CC /* HMAddFeeView.h */ = {isa = PBXFileReference; fileEncoding = 4; lastKnownFileType = sourcecode.c.h; path = HMAddFeeView.h; sourceTree = "<group>"; };
		53659C9619741F9D0030F4CC /* HMAddFeeView.m */ = {isa = PBXFileReference; fileEncoding = 4; lastKnownFileType = sourcecode.c.objc; path = HMAddFeeView.m; sourceTree = "<group>"; };
		53659C9819741FAD0030F4CC /* HMSumFeeView.h */ = {isa = PBXFileReference; fileEncoding = 4; lastKnownFileType = sourcecode.c.h; path = HMSumFeeView.h; sourceTree = "<group>"; };
		53659C9919741FAD0030F4CC /* HMSumFeeView.m */ = {isa = PBXFileReference; fileEncoding = 4; lastKnownFileType = sourcecode.c.objc; path = HMSumFeeView.m; sourceTree = "<group>"; };
		53659C9B1974B12D0030F4CC /* HMTripStepView.h */ = {isa = PBXFileReference; fileEncoding = 4; lastKnownFileType = sourcecode.c.h; path = HMTripStepView.h; sourceTree = "<group>"; };
		53659C9C1974B12D0030F4CC /* HMTripStepView.m */ = {isa = PBXFileReference; fileEncoding = 4; lastKnownFileType = sourcecode.c.objc; path = HMTripStepView.m; sourceTree = "<group>"; };
		53659C9E1974B1560030F4CC /* HMTripInputView.h */ = {isa = PBXFileReference; fileEncoding = 4; lastKnownFileType = sourcecode.c.h; path = HMTripInputView.h; sourceTree = "<group>"; };
		53659C9F1974B1560030F4CC /* HMTripInputView.m */ = {isa = PBXFileReference; fileEncoding = 4; lastKnownFileType = sourcecode.c.objc; path = HMTripInputView.m; sourceTree = "<group>"; };
		5365ADD6196AC38900146C54 /* YoKoHaMa.app */ = {isa = PBXFileReference; explicitFileType = wrapper.application; includeInIndex = 0; path = YoKoHaMa.app; sourceTree = BUILT_PRODUCTS_DIR; };
		5365ADD9196AC38900146C54 /* Foundation.framework */ = {isa = PBXFileReference; lastKnownFileType = wrapper.framework; name = Foundation.framework; path = System/Library/Frameworks/Foundation.framework; sourceTree = SDKROOT; };
		5365ADDB196AC38900146C54 /* CoreGraphics.framework */ = {isa = PBXFileReference; lastKnownFileType = wrapper.framework; name = CoreGraphics.framework; path = System/Library/Frameworks/CoreGraphics.framework; sourceTree = SDKROOT; };
		5365ADDD196AC38900146C54 /* UIKit.framework */ = {isa = PBXFileReference; lastKnownFileType = wrapper.framework; name = UIKit.framework; path = System/Library/Frameworks/UIKit.framework; sourceTree = SDKROOT; };
		5365ADE1196AC38900146C54 /* YoKoHaMa-Info.plist */ = {isa = PBXFileReference; lastKnownFileType = text.plist.xml; path = "YoKoHaMa-Info.plist"; sourceTree = "<group>"; };
		5365ADE3196AC38900146C54 /* en */ = {isa = PBXFileReference; lastKnownFileType = text.plist.strings; name = en; path = en.lproj/InfoPlist.strings; sourceTree = "<group>"; };
		5365ADE5196AC38900146C54 /* main.m */ = {isa = PBXFileReference; lastKnownFileType = sourcecode.c.objc; path = main.m; sourceTree = "<group>"; };
		5365ADE7196AC38900146C54 /* YoKoHaMa-Prefix.pch */ = {isa = PBXFileReference; lastKnownFileType = sourcecode.c.h; path = "YoKoHaMa-Prefix.pch"; sourceTree = "<group>"; };
		5365ADE8196AC38900146C54 /* HMAppDelegate.h */ = {isa = PBXFileReference; lastKnownFileType = sourcecode.c.h; path = HMAppDelegate.h; sourceTree = "<group>"; };
		5365ADE9196AC38900146C54 /* HMAppDelegate.m */ = {isa = PBXFileReference; lastKnownFileType = sourcecode.c.objc; path = HMAppDelegate.m; sourceTree = "<group>"; };
		5365ADF4196AC38900146C54 /* Images.xcassets */ = {isa = PBXFileReference; lastKnownFileType = folder.assetcatalog; path = Images.xcassets; sourceTree = "<group>"; };
		5365ADFA196AC38A00146C54 /* YoKoHaMaTests.xctest */ = {isa = PBXFileReference; explicitFileType = wrapper.cfbundle; includeInIndex = 0; path = YoKoHaMaTests.xctest; sourceTree = BUILT_PRODUCTS_DIR; };
		5365ADFB196AC38A00146C54 /* XCTest.framework */ = {isa = PBXFileReference; lastKnownFileType = wrapper.framework; name = XCTest.framework; path = Library/Frameworks/XCTest.framework; sourceTree = DEVELOPER_DIR; };
		5365AE03196AC38A00146C54 /* YoKoHaMaTests-Info.plist */ = {isa = PBXFileReference; lastKnownFileType = text.plist.xml; path = "YoKoHaMaTests-Info.plist"; sourceTree = "<group>"; };
		5365AE05196AC38A00146C54 /* en */ = {isa = PBXFileReference; lastKnownFileType = text.plist.strings; name = en; path = en.lproj/InfoPlist.strings; sourceTree = "<group>"; };
		5365AE07196AC38A00146C54 /* YoKoHaMaTests.m */ = {isa = PBXFileReference; lastKnownFileType = sourcecode.c.objc; path = YoKoHaMaTests.m; sourceTree = "<group>"; };
		539197941972D43E0027FF55 /* HMWebViewController.h */ = {isa = PBXFileReference; fileEncoding = 4; lastKnownFileType = sourcecode.c.h; path = HMWebViewController.h; sourceTree = "<group>"; };
		539197951972D43E0027FF55 /* HMWebViewController.m */ = {isa = PBXFileReference; fileEncoding = 4; lastKnownFileType = sourcecode.c.objc; path = HMWebViewController.m; sourceTree = "<group>"; };
		539197971972D65C0027FF55 /* HMCommonViewModel.h */ = {isa = PBXFileReference; fileEncoding = 4; lastKnownFileType = sourcecode.c.h; path = HMCommonViewModel.h; sourceTree = "<group>"; };
		539197981972D65C0027FF55 /* HMCommonViewModel.m */ = {isa = PBXFileReference; fileEncoding = 4; lastKnownFileType = sourcecode.c.objc; path = HMCommonViewModel.m; sourceTree = "<group>"; };
		5391979B1972D84A0027FF55 /* HMHelper.h */ = {isa = PBXFileReference; fileEncoding = 4; lastKnownFileType = sourcecode.c.h; path = HMHelper.h; sourceTree = "<group>"; };
		5391979C1972D84A0027FF55 /* HMHelper.m */ = {isa = PBXFileReference; fileEncoding = 4; lastKnownFileType = sourcecode.c.objc; path = HMHelper.m; sourceTree = "<group>"; };
		53B239AE196AD2B30071E92E /* Macro.h */ = {isa = PBXFileReference; fileEncoding = 4; lastKnownFileType = sourcecode.c.h; path = Macro.h; sourceTree = "<group>"; };
		53B239B1196AD2EF0071E92E /* LKPopupMenuController.h */ = {isa = PBXFileReference; fileEncoding = 4; lastKnownFileType = sourcecode.c.h; path = LKPopupMenuController.h; sourceTree = "<group>"; };
		53B239B2196AD2EF0071E92E /* LKPopupMenuController.m */ = {isa = PBXFileReference; fileEncoding = 4; lastKnownFileType = sourcecode.c.objc; path = LKPopupMenuController.m; sourceTree = "<group>"; };
		53B239B4196AD2EF0071E92E /* THZoomPopup.h */ = {isa = PBXFileReference; fileEncoding = 4; lastKnownFileType = sourcecode.c.h; path = THZoomPopup.h; sourceTree = "<group>"; };
		53B239B5196AD2EF0071E92E /* THZoomPopup.m */ = {isa = PBXFileReference; fileEncoding = 4; lastKnownFileType = sourcecode.c.objc; path = THZoomPopup.m; sourceTree = "<group>"; };
		53B239B6196AD2EF0071E92E /* UIImage+StackBlur.h */ = {isa = PBXFileReference; fileEncoding = 4; lastKnownFileType = sourcecode.c.h; path = "UIImage+StackBlur.h"; sourceTree = "<group>"; };
		53B239B7196AD2EF0071E92E /* UIImage+StackBlur.m */ = {isa = PBXFileReference; fileEncoding = 4; lastKnownFileType = sourcecode.c.objc; path = "UIImage+StackBlur.m"; sourceTree = "<group>"; };
		53B239B8196AD2EF0071E92E /* zoomPopupClose@2x.png */ = {isa = PBXFileReference; lastKnownFileType = image.png; path = "zoomPopupClose@2x.png"; sourceTree = "<group>"; };
		796626B707534A64A97261D7 /* libPods-YoKoHaMa.a */ = {isa = PBXFileReference; explicitFileType = archive.ar; includeInIndex = 0; path = "libPods-YoKoHaMa.a"; sourceTree = BUILT_PRODUCTS_DIR; };
		87D1E57026514EB090108446 /* Pods-YoKoHaMa.xcconfig */ = {isa = PBXFileReference; includeInIndex = 1; lastKnownFileType = text.xcconfig; name = "Pods-YoKoHaMa.xcconfig"; path = "Pods/Pods-YoKoHaMa.xcconfig"; sourceTree = "<group>"; };
		A9219EDB198F2993001C9A20 /* UILabel+AttributedString.h */ = {isa = PBXFileReference; fileEncoding = 4; lastKnownFileType = sourcecode.c.h; path = "UILabel+AttributedString.h"; sourceTree = "<group>"; };
		A9219EDC198F2993001C9A20 /* UILabel+AttributedString.m */ = {isa = PBXFileReference; fileEncoding = 4; lastKnownFileType = sourcecode.c.objc; path = "UILabel+AttributedString.m"; sourceTree = "<group>"; };
		A96EDFAE1973D178007715F4 /* HMFeeDao.h */ = {isa = PBXFileReference; fileEncoding = 4; lastKnownFileType = sourcecode.c.h; path = HMFeeDao.h; sourceTree = "<group>"; };
		A96EDFAF1973D178007715F4 /* HMFeeDao.m */ = {isa = PBXFileReference; fileEncoding = 4; lastKnownFileType = sourcecode.c.objc; path = HMFeeDao.m; sourceTree = "<group>"; };
		A96EDFB01973D178007715F4 /* HMItemDao.h */ = {isa = PBXFileReference; fileEncoding = 4; lastKnownFileType = sourcecode.c.h; path = HMItemDao.h; sourceTree = "<group>"; };
		A96EDFB11973D178007715F4 /* HMItemDao.m */ = {isa = PBXFileReference; fileEncoding = 4; lastKnownFileType = sourcecode.c.objc; path = HMItemDao.m; sourceTree = "<group>"; };
		A96EDFB21973D178007715F4 /* HMTravelDao.h */ = {isa = PBXFileReference; fileEncoding = 4; lastKnownFileType = sourcecode.c.h; path = HMTravelDao.h; sourceTree = "<group>"; };
		A96EDFB31973D178007715F4 /* HMTravelDao.m */ = {isa = PBXFileReference; fileEncoding = 4; lastKnownFileType = sourcecode.c.objc; path = HMTravelDao.m; sourceTree = "<group>"; };
		A96EDFB41973D178007715F4 /* HMTripDao.h */ = {isa = PBXFileReference; fileEncoding = 4; lastKnownFileType = sourcecode.c.h; path = HMTripDao.h; sourceTree = "<group>"; };
		A96EDFB51973D178007715F4 /* HMTripDao.m */ = {isa = PBXFileReference; fileEncoding = 4; lastKnownFileType = sourcecode.c.objc; path = HMTripDao.m; sourceTree = "<group>"; };
		A96EDFB81973D178007715F4 /* HMItem.h */ = {isa = PBXFileReference; fileEncoding = 4; lastKnownFileType = sourcecode.c.h; path = HMItem.h; sourceTree = "<group>"; };
		A96EDFBA1973D178007715F4 /* HMTrip.h */ = {isa = PBXFileReference; fileEncoding = 4; lastKnownFileType = sourcecode.c.h; path = HMTrip.h; sourceTree = "<group>"; };
		A96EDFBB1973D178007715F4 /* HMTravel.h */ = {isa = PBXFileReference; fileEncoding = 4; lastKnownFileType = sourcecode.c.h; path = HMTravel.h; sourceTree = "<group>"; };
		A96EDFBC1973D178007715F4 /* HMFee.h */ = {isa = PBXFileReference; fileEncoding = 4; lastKnownFileType = sourcecode.c.h; path = HMFee.h; sourceTree = "<group>"; };
		A96EDFBE1973D178007715F4 /* HMItem.m */ = {isa = PBXFileReference; fileEncoding = 4; lastKnownFileType = sourcecode.c.objc; path = HMItem.m; sourceTree = "<group>"; };
		A96EDFBF1973D178007715F4 /* HMTrip.m */ = {isa = PBXFileReference; fileEncoding = 4; lastKnownFileType = sourcecode.c.objc; path = HMTrip.m; sourceTree = "<group>"; };
		A96EDFC01973D178007715F4 /* HMTravel.m */ = {isa = PBXFileReference; fileEncoding = 4; lastKnownFileType = sourcecode.c.objc; path = HMTravel.m; sourceTree = "<group>"; };
		A96EDFC11973D178007715F4 /* HMFee.m */ = {isa = PBXFileReference; fileEncoding = 4; lastKnownFileType = sourcecode.c.objc; path = HMFee.m; sourceTree = "<group>"; };
		A96EDFCC1973D18D007715F4 /* HMTripViewModel.m */ = {isa = PBXFileReference; fileEncoding = 4; lastKnownFileType = sourcecode.c.objc; path = HMTripViewModel.m; sourceTree = "<group>"; };
		A96EDFCD1973D18D007715F4 /* HMTripViewModel.h */ = {isa = PBXFileReference; fileEncoding = 4; lastKnownFileType = sourcecode.c.h; path = HMTripViewModel.h; sourceTree = "<group>"; };
		A96EDFCE1973D18D007715F4 /* HMFeeViewModel.m */ = {isa = PBXFileReference; fileEncoding = 4; lastKnownFileType = sourcecode.c.objc; path = HMFeeViewModel.m; sourceTree = "<group>"; };
		A96EDFCF1973D18D007715F4 /* HMFeeViewModel.h */ = {isa = PBXFileReference; fileEncoding = 4; lastKnownFileType = sourcecode.c.h; path = HMFeeViewModel.h; sourceTree = "<group>"; };
		A96EDFD31973D49D007715F4 /* fee.sql */ = {isa = PBXFileReference; fileEncoding = 4; lastKnownFileType = text; path = fee.sql; sourceTree = "<group>"; };
		A96EDFD71973D4C5007715F4 /* HMDatabaseQueue.h */ = {isa = PBXFileReference; fileEncoding = 4; lastKnownFileType = sourcecode.c.h; path = HMDatabaseQueue.h; sourceTree = "<group>"; };
		A96EDFD81973D4C5007715F4 /* HMDatabaseQueue.m */ = {isa = PBXFileReference; fileEncoding = 4; lastKnownFileType = sourcecode.c.objc; path = HMDatabaseQueue.m; sourceTree = "<group>"; };
		A9ACE9731976511600AAA7F3 /* HMNavigationView.h */ = {isa = PBXFileReference; fileEncoding = 4; lastKnownFileType = sourcecode.c.h; path = HMNavigationView.h; sourceTree = "<group>"; };
		A9ACE9741976511600AAA7F3 /* HMNavigationView.m */ = {isa = PBXFileReference; fileEncoding = 4; lastKnownFileType = sourcecode.c.objc; path = HMNavigationView.m; sourceTree = "<group>"; };
		ADB773CEC68F4410B4B73FB0 /* libPods-YoKoHaMaTests.a */ = {isa = PBXFileReference; explicitFileType = archive.ar; includeInIndex = 0; path = "libPods-YoKoHaMaTests.a"; sourceTree = BUILT_PRODUCTS_DIR; };
		B71CEFF9604A4D5889E14A2C /* Pods-YoKoHaMaTests.xcconfig */ = {isa = PBXFileReference; includeInIndex = 1; lastKnownFileType = text.xcconfig; name = "Pods-YoKoHaMaTests.xcconfig"; path = "Pods/Pods-YoKoHaMaTests.xcconfig"; sourceTree = "<group>"; };
/* End PBXFileReference section */

/* Begin PBXFrameworksBuildPhase section */
		5365ADD3196AC38900146C54 /* Frameworks */ = {
			isa = PBXFrameworksBuildPhase;
			buildActionMask = 2147483647;
			files = (
				5365ADDC196AC38900146C54 /* CoreGraphics.framework in Frameworks */,
				5365ADDE196AC38900146C54 /* UIKit.framework in Frameworks */,
				5365ADDA196AC38900146C54 /* Foundation.framework in Frameworks */,
				7208499E79454F1D84B73DF0 /* libPods-YoKoHaMa.a in Frameworks */,
			);
			runOnlyForDeploymentPostprocessing = 0;
		};
		5365ADF7196AC38A00146C54 /* Frameworks */ = {
			isa = PBXFrameworksBuildPhase;
			buildActionMask = 2147483647;
			files = (
				5365ADFC196AC38A00146C54 /* XCTest.framework in Frameworks */,
				5365ADFE196AC38A00146C54 /* UIKit.framework in Frameworks */,
				5365ADFD196AC38A00146C54 /* Foundation.framework in Frameworks */,
				D1C53798B4004B9780F9FE09 /* libPods-YoKoHaMaTests.a in Frameworks */,
			);
			runOnlyForDeploymentPostprocessing = 0;
		};
/* End PBXFrameworksBuildPhase section */

/* Begin PBXGroup section */
		530AE1B519710C82002D69FD /* Network */ = {
			isa = PBXGroup;
			children = (
				530AE1B619710C82002D69FD /* API */,
				530AE1B719710CC8002D69FD /* HMNetwork.h */,
				530AE1B819710CC8002D69FD /* HMNetwork.m */,
			);
			path = Network;
			sourceTree = "<group>";
		};
		530AE1B619710C82002D69FD /* API */ = {
			isa = PBXGroup;
			children = (
				530AE1BA19710D29002D69FD /* HMAPI.h */,
				530AE1BB19710D29002D69FD /* HMAPI.m */,
			);
			path = API;
			sourceTree = "<group>";
		};
		530AE1BD19710E2C002D69FD /* Settings */ = {
			isa = PBXGroup;
			children = (
				530AE1BE19710E3A002D69FD /* HMSettings.h */,
				530AE1BF19710E3A002D69FD /* HMSettings.m */,
			);
			path = Settings;
			sourceTree = "<group>";
		};
		530AE1C41971104B002D69FD /* common */ = {
			isa = PBXGroup;
			children = (
				530AE1C619711079002D69FD /* Common.xcassets */,
			);
			path = common;
			sourceTree = "<group>";
		};
		530AE1CE1971177B002D69FD /* Launcher */ = {
			isa = PBXGroup;
			children = (
				530AE1CF19711795002D69FD /* HMLauncherViewController.h */,
				530AE1D019711795002D69FD /* HMLauncherViewController.m */,
			);
			path = Launcher;
			sourceTree = "<group>";
		};
		530AE1F019712030002D69FD /* Components */ = {
			isa = PBXGroup;
			children = (
				530AE1F119712044002D69FD /* HMCheckBox.h */,
				530AE1F219712044002D69FD /* HMCheckBox.m */,
				530AE1F719716462002D69FD /* HMGridMenuViewCell.h */,
				530AE1F819716462002D69FD /* HMGridMenuViewCell.m */,
				530AE1FB1972518A002D69FD /* HMCollectionViewLayout.h */,
				530AE1FC1972518A002D69FD /* HMCollectionViewLayout.m */,
			);
			path = Components;
			sourceTree = "<group>";
		};
		53659C8419740BC70030F4CC /* Component */ = {
			isa = PBXGroup;
			children = (
				53659C891974105F0030F4CC /* HMFeeTableViewCell.h */,
				53659C8A1974105F0030F4CC /* HMFeeTableViewCell.m */,
				53659C8F197410930030F4CC /* HMTripCheckItemTableViewCell.h */,
				53659C90197410930030F4CC /* HMTripCheckItemTableViewCell.m */,
				53659C8C197410830030F4CC /* HMTripAddItemTableViewCell.h */,
				53659C8D197410830030F4CC /* HMTripAddItemTableViewCell.m */,
				53659C921974119F0030F4CC /* HMTripListItemTableViewCell.h */,
				53659C931974119F0030F4CC /* HMTripListItemTableViewCell.m */,
				53659C9519741F9D0030F4CC /* HMAddFeeView.h */,
				53659C9619741F9D0030F4CC /* HMAddFeeView.m */,
				53659C9819741FAD0030F4CC /* HMSumFeeView.h */,
				53659C9919741FAD0030F4CC /* HMSumFeeView.m */,
				53659C9B1974B12D0030F4CC /* HMTripStepView.h */,
				53659C9C1974B12D0030F4CC /* HMTripStepView.m */,
				53659C9E1974B1560030F4CC /* HMTripInputView.h */,
				53659C9F1974B1560030F4CC /* HMTripInputView.m */,
				5358B4261976BF95003D8F20 /* HMTripHeaderView.h */,
				5358B4271976BF95003D8F20 /* HMTripHeaderView.m */,
			);
			path = Component;
			sourceTree = "<group>";
		};
		5365ADCD196AC38900146C54 = {
			isa = PBXGroup;
			children = (
				5365ADDF196AC38900146C54 /* YoKoHaMa */,
				5365AE01196AC38A00146C54 /* YoKoHaMaTests */,
				5365ADD8196AC38900146C54 /* Frameworks */,
				87D1E57026514EB090108446 /* Pods-YoKoHaMa.xcconfig */,
				B71CEFF9604A4D5889E14A2C /* Pods-YoKoHaMaTests.xcconfig */,
				5365ADD7196AC38900146C54 /* Products */,
			);
			sourceTree = "<group>";
		};
		5365ADD7196AC38900146C54 /* Products */ = {
			isa = PBXGroup;
			children = (
				5365ADD6196AC38900146C54 /* YoKoHaMa.app */,
				5365ADFA196AC38A00146C54 /* YoKoHaMaTests.xctest */,
			);
			name = Products;
			sourceTree = "<group>";
		};
		5365ADD8196AC38900146C54 /* Frameworks */ = {
			isa = PBXGroup;
			children = (
				5365ADD9196AC38900146C54 /* Foundation.framework */,
				5365ADDB196AC38900146C54 /* CoreGraphics.framework */,
				5365ADDD196AC38900146C54 /* UIKit.framework */,
				5365ADFB196AC38A00146C54 /* XCTest.framework */,
				796626B707534A64A97261D7 /* libPods-YoKoHaMa.a */,
				ADB773CEC68F4410B4B73FB0 /* libPods-YoKoHaMaTests.a */,
			);
			name = Frameworks;
			sourceTree = "<group>";
		};
		5365ADDF196AC38900146C54 /* YoKoHaMa */ = {
			isa = PBXGroup;
			children = (
				A9219ED9198F297A001C9A20 /* Categories */,
				A96EDFD21973D49D007715F4 /* Database */,
				5391979A1972D8380027FF55 /* Helper */,
				530AE1BD19710E2C002D69FD /* Settings */,
				530AE1B519710C82002D69FD /* Network */,
				53B239AF196AD2EF0071E92E /* Extern */,
				5365ADE8196AC38900146C54 /* HMAppDelegate.h */,
				5365ADE9196AC38900146C54 /* HMAppDelegate.m */,
				5365ADF4196AC38900146C54 /* Images.xcassets */,
				53B239BD196AD8510071E92E /* Model */,
				53B239BE196AD8510071E92E /* Resources */,
				5365ADE0196AC38900146C54 /* Supporting Files */,
				53B239C1196AD8510071E92E /* UserInterface */,
			);
			path = YoKoHaMa;
			sourceTree = "<group>";
		};
		5365ADE0196AC38900146C54 /* Supporting Files */ = {
			isa = PBXGroup;
			children = (
				5365ADE1196AC38900146C54 /* YoKoHaMa-Info.plist */,
				5365ADE2196AC38900146C54 /* InfoPlist.strings */,
				5365ADE5196AC38900146C54 /* main.m */,
				5365ADE7196AC38900146C54 /* YoKoHaMa-Prefix.pch */,
				53B239AE196AD2B30071E92E /* Macro.h */,
			);
			name = "Supporting Files";
			sourceTree = "<group>";
		};
		5365AE01196AC38A00146C54 /* YoKoHaMaTests */ = {
			isa = PBXGroup;
			children = (
				5365AE07196AC38A00146C54 /* YoKoHaMaTests.m */,
				5365AE02196AC38A00146C54 /* Supporting Files */,
			);
			path = YoKoHaMaTests;
			sourceTree = "<group>";
		};
		5365AE02196AC38A00146C54 /* Supporting Files */ = {
			isa = PBXGroup;
			children = (
				5365AE03196AC38A00146C54 /* YoKoHaMaTests-Info.plist */,
				5365AE04196AC38A00146C54 /* InfoPlist.strings */,
			);
			name = "Supporting Files";
			sourceTree = "<group>";
		};
		5391979A1972D8380027FF55 /* Helper */ = {
			isa = PBXGroup;
			children = (
				5391979B1972D84A0027FF55 /* HMHelper.h */,
				5391979C1972D84A0027FF55 /* HMHelper.m */,
			);
			path = Helper;
			sourceTree = "<group>";
		};
		53B239AF196AD2EF0071E92E /* Extern */ = {
			isa = PBXGroup;
			children = (
				53B239B0196AD2EF0071E92E /* LKPopupMenu */,
				53B239B3196AD2EF0071E92E /* THZoomPopup */,
			);
			path = Extern;
			sourceTree = "<group>";
		};
		53B239B0196AD2EF0071E92E /* LKPopupMenu */ = {
			isa = PBXGroup;
			children = (
				53B239B1196AD2EF0071E92E /* LKPopupMenuController.h */,
				53B239B2196AD2EF0071E92E /* LKPopupMenuController.m */,
			);
			path = LKPopupMenu;
			sourceTree = "<group>";
		};
		53B239B3196AD2EF0071E92E /* THZoomPopup */ = {
			isa = PBXGroup;
			children = (
				53B239B4196AD2EF0071E92E /* THZoomPopup.h */,
				53B239B5196AD2EF0071E92E /* THZoomPopup.m */,
				53B239B6196AD2EF0071E92E /* UIImage+StackBlur.h */,
				53B239B7196AD2EF0071E92E /* UIImage+StackBlur.m */,
				53B239B8196AD2EF0071E92E /* zoomPopupClose@2x.png */,
			);
			path = THZoomPopup;
			sourceTree = "<group>";
		};
		53B239BD196AD8510071E92E /* Model */ = {
			isa = PBXGroup;
			children = (
				A96EDFAD1973D178007715F4 /* Dao */,
				A96EDFBC1973D178007715F4 /* HMFee.h */,
				A96EDFC11973D178007715F4 /* HMFee.m */,
				530AE1F419712E35002D69FD /* HMFocus.h */,
				530AE1F519712E35002D69FD /* HMFocus.m */,
				A96EDFB81973D178007715F4 /* HMItem.h */,
				A96EDFBE1973D178007715F4 /* HMItem.m */,
				A96EDFBB1973D178007715F4 /* HMTravel.h */,
				A96EDFC01973D178007715F4 /* HMTravel.m */,
				A96EDFBA1973D178007715F4 /* HMTrip.h */,
				A96EDFBF1973D178007715F4 /* HMTrip.m */,
				53659C8819740E3D0030F4CC /* HMEntity.h */,
				531D681F1976CE4E009C89D4 /* HMRoute.h */,
				531D68201976CE4E009C89D4 /* HMRoute.m */,
				531D68221976CEA8009C89D4 /* HMRoad.h */,
				531D68231976CEA8009C89D4 /* HMRoad.m */,
			);
			path = Model;
			sourceTree = "<group>";
		};
		53B239BE196AD8510071E92E /* Resources */ = {
			isa = PBXGroup;
			children = (
				53B239BF196AD8510071E92E /* Audio */,
				53B239C0196AD8510071E92E /* Images */,
			);
			path = Resources;
			sourceTree = "<group>";
		};
		53B239BF196AD8510071E92E /* Audio */ = {
			isa = PBXGroup;
			children = (
			);
			path = Audio;
			sourceTree = "<group>";
		};
		53B239C0196AD8510071E92E /* Images */ = {
			isa = PBXGroup;
			children = (
				530AE1C41971104B002D69FD /* common */,
				530AE1CA1971117A002D69FD /* Button.xcassets */,
				530AE1CC1971168A002D69FD /* Launcher.xcassets */,
			);
			path = Images;
			sourceTree = "<group>";
		};
		53B239C1196AD8510071E92E /* UserInterface */ = {
			isa = PBXGroup;
			children = (
				53B239C2196AD8510071E92E /* General */,
				53B239C5196AD8510071E92E /* iPhone */,
			);
			path = UserInterface;
			sourceTree = "<group>";
		};
		53B239C2196AD8510071E92E /* General */ = {
			isa = PBXGroup;
			children = (
				53B239C3196AD8510071E92E /* View */,
				53B239C4196AD8510071E92E /* ViewModel */,
			);
			path = General;
			sourceTree = "<group>";
		};
		53B239C3196AD8510071E92E /* View */ = {
			isa = PBXGroup;
			children = (
				530AE1F019712030002D69FD /* Components */,
				530AE1DE197118AA002D69FD /* HMLauncherView.h */,
				530AE1DF197118AA002D69FD /* HMLauncherView.m */,
				530AE1E719711A47002D69FD /* HMFocusView.h */,
				530AE1E819711A47002D69FD /* HMFocusView.m */,
				530AE1EA19711A67002D69FD /* HMListMenuView.h */,
				530AE1EB19711A67002D69FD /* HMListMenuView.m */,
				530AE1ED19711A8F002D69FD /* HMGridContentView.h */,
				530AE1EE19711A8F002D69FD /* HMGridContentView.m */,
				A9ACE9731976511600AAA7F3 /* HMNavigationView.h */,
				A9ACE9741976511600AAA7F3 /* HMNavigationView.m */,
			);
			path = View;
			sourceTree = "<group>";
		};
		53B239C4196AD8510071E92E /* ViewModel */ = {
			isa = PBXGroup;
			children = (
				530AE1C119710ECD002D69FD /* HMBasicViewModel.h */,
				530AE1C219710ECD002D69FD /* HMBasicViewModel.m */,
				539197971972D65C0027FF55 /* HMCommonViewModel.h */,
				539197981972D65C0027FF55 /* HMCommonViewModel.m */,
				A96EDFCF1973D18D007715F4 /* HMFeeViewModel.h */,
				A96EDFCE1973D18D007715F4 /* HMFeeViewModel.m */,
				A96EDFCD1973D18D007715F4 /* HMTripViewModel.h */,
				A96EDFCC1973D18D007715F4 /* HMTripViewModel.m */,
			);
			path = ViewModel;
			sourceTree = "<group>";
		};
		53B239C5196AD8510071E92E /* iPhone */ = {
			isa = PBXGroup;
			children = (
				530AE1CE1971177B002D69FD /* Launcher */,
				53B239C6196AD8510071E92E /* Assistant */,
				53B239C7196AD8510071E92E /* Equipment */,
				53B239C8196AD8510071E92E /* General */,
				53B239C9196AD8510071E92E /* More */,
				53B239CA196AD8510071E92E /* Route */,
			);
			path = iPhone;
			sourceTree = "<group>";
		};
		53B239C6196AD8510071E92E /* Assistant */ = {
			isa = PBXGroup;
			children = (
				53659C8419740BC70030F4CC /* Component */,
				530AE1D2197117A4002D69FD /* HMAssistantViewController.h */,
				530AE1D3197117A4002D69FD /* HMAssistantViewController.m */,
				53659C81197409A40030F4CC /* HMFeeViewController.h */,
				53659C82197409A40030F4CC /* HMFeeViewController.m */,
				53659C8519740BEA0030F4CC /* HMTripViewController.h */,
				53659C8619740BEA0030F4CC /* HMTripViewController.m */,
			);
			path = Assistant;
			sourceTree = "<group>";
		};
		53B239C7196AD8510071E92E /* Equipment */ = {
			isa = PBXGroup;
			children = (
				530AE1D5197117B1002D69FD /* HMEquipmentViewController.h */,
				530AE1D6197117B1002D69FD /* HMEquipmentViewController.m */,
			);
			path = Equipment;
			sourceTree = "<group>";
		};
		53B239C8196AD8510071E92E /* General */ = {
			isa = PBXGroup;
			children = (
				530AE1E119711907002D69FD /* HMNavigationController.h */,
				530AE1E219711907002D69FD /* HMNavigationController.m */,
				530AE1E41971192E002D69FD /* HMTabBarController.h */,
				530AE1E51971192E002D69FD /* HMTabBarController.m */,
				530AE1FE197255C9002D69FD /* HMViewController.h */,
				530AE1FF197255C9002D69FD /* HMViewController.m */,
				539197941972D43E0027FF55 /* HMWebViewController.h */,
				539197951972D43E0027FF55 /* HMWebViewController.m */,
			);
			path = General;
			sourceTree = "<group>";
		};
		53B239C9196AD8510071E92E /* More */ = {
			isa = PBXGroup;
			children = (
				530AE1D8197117C6002D69FD /* HMMoreViewController.h */,
				530AE1D9197117C6002D69FD /* HMMoreViewController.m */,
			);
			path = More;
			sourceTree = "<group>";
		};
		53B239CA196AD8510071E92E /* Route */ = {
			isa = PBXGroup;
			children = (
				530AE1DB197117F7002D69FD /* HMRouteViewController.h */,
				530AE1DC197117F7002D69FD /* HMRouteViewController.m */,
			);
			path = Route;
			sourceTree = "<group>";
		};
		A9219ED9198F297A001C9A20 /* Categories */ = {
			isa = PBXGroup;
			children = (
				A9219EDA198F297A001C9A20 /* UILabel+AttributedString */,
			);
			path = Categories;
			sourceTree = "<group>";
		};
		A9219EDA198F297A001C9A20 /* UILabel+AttributedString */ = {
			isa = PBXGroup;
			children = (
				A9219EDB198F2993001C9A20 /* UILabel+AttributedString.h */,
				A9219EDC198F2993001C9A20 /* UILabel+AttributedString.m */,
			);
			path = "UILabel+AttributedString";
			sourceTree = "<group>";
		};
		A96EDFAD1973D178007715F4 /* Dao */ = {
			isa = PBXGroup;
			children = (
				A96EDFAE1973D178007715F4 /* HMFeeDao.h */,
				A96EDFAF1973D178007715F4 /* HMFeeDao.m */,
				A96EDFB01973D178007715F4 /* HMItemDao.h */,
				A96EDFB11973D178007715F4 /* HMItemDao.m */,
				A96EDFB21973D178007715F4 /* HMTravelDao.h */,
				A96EDFB31973D178007715F4 /* HMTravelDao.m */,
				A96EDFB41973D178007715F4 /* HMTripDao.h */,
				A96EDFB51973D178007715F4 /* HMTripDao.m */,
			);
			path = Dao;
			sourceTree = "<group>";
		};
		A96EDFD21973D49D007715F4 /* Database */ = {
			isa = PBXGroup;
			children = (
				531D68251976E652009C89D4 /* trip.sql */,
				A96EDFD31973D49D007715F4 /* fee.sql */,
				A96EDFD71973D4C5007715F4 /* HMDatabaseQueue.h */,
				A96EDFD81973D4C5007715F4 /* HMDatabaseQueue.m */,
			);
			path = Database;
			sourceTree = "<group>";
		};
/* End PBXGroup section */

/* Begin PBXNativeTarget section */
		5365ADD5196AC38900146C54 /* YoKoHaMa */ = {
			isa = PBXNativeTarget;
			buildConfigurationList = 5365AE0B196AC38A00146C54 /* Build configuration list for PBXNativeTarget "YoKoHaMa" */;
			buildPhases = (
				C580B2C48FF340DBB83FABA3 /* Check Pods Manifest.lock */,
				5365ADD2196AC38900146C54 /* Sources */,
				5365ADD3196AC38900146C54 /* Frameworks */,
				5365ADD4196AC38900146C54 /* Resources */,
				7EDDC3D60D0F44C292891DB5 /* Copy Pods Resources */,
			);
			buildRules = (
			);
			dependencies = (
			);
			name = YoKoHaMa;
			productName = YoKoHaMa;
			productReference = 5365ADD6196AC38900146C54 /* YoKoHaMa.app */;
			productType = "com.apple.product-type.application";
		};
		5365ADF9196AC38A00146C54 /* YoKoHaMaTests */ = {
			isa = PBXNativeTarget;
			buildConfigurationList = 5365AE0E196AC38A00146C54 /* Build configuration list for PBXNativeTarget "YoKoHaMaTests" */;
			buildPhases = (
				FA4B103244CA4BFF894D9BC5 /* Check Pods Manifest.lock */,
				5365ADF6196AC38A00146C54 /* Sources */,
				5365ADF7196AC38A00146C54 /* Frameworks */,
				5365ADF8196AC38A00146C54 /* Resources */,
				EFF14C0913CD4F75896758F3 /* Copy Pods Resources */,
			);
			buildRules = (
			);
			dependencies = (
				5365AE00196AC38A00146C54 /* PBXTargetDependency */,
			);
			name = YoKoHaMaTests;
			productName = YoKoHaMaTests;
			productReference = 5365ADFA196AC38A00146C54 /* YoKoHaMaTests.xctest */;
			productType = "com.apple.product-type.bundle.unit-test";
		};
/* End PBXNativeTarget section */

/* Begin PBXProject section */
		5365ADCE196AC38900146C54 /* Project object */ = {
			isa = PBXProject;
			attributes = {
				CLASSPREFIX = HM;
				LastUpgradeCheck = 0510;
				ORGANIZATIONNAME = Conggen;
				TargetAttributes = {
					5365ADF9196AC38A00146C54 = {
						TestTargetID = 5365ADD5196AC38900146C54;
					};
				};
			};
			buildConfigurationList = 5365ADD1196AC38900146C54 /* Build configuration list for PBXProject "YoKoHaMa" */;
			compatibilityVersion = "Xcode 3.2";
			developmentRegion = English;
			hasScannedForEncodings = 0;
			knownRegions = (
				en,
				Base,
			);
			mainGroup = 5365ADCD196AC38900146C54;
			productRefGroup = 5365ADD7196AC38900146C54 /* Products */;
			projectDirPath = "";
			projectRoot = "";
			targets = (
				5365ADD5196AC38900146C54 /* YoKoHaMa */,
				5365ADF9196AC38A00146C54 /* YoKoHaMaTests */,
			);
		};
/* End PBXProject section */

/* Begin PBXResourcesBuildPhase section */
		5365ADD4196AC38900146C54 /* Resources */ = {
			isa = PBXResourcesBuildPhase;
			buildActionMask = 2147483647;
			files = (
				530AE1C719711079002D69FD /* Common.xcassets in Resources */,
				53B239BC196AD2EF0071E92E /* zoomPopupClose@2x.png in Resources */,
				530AE1CB1971117A002D69FD /* Button.xcassets in Resources */,
				5365ADF5196AC38900146C54 /* Images.xcassets in Resources */,
				A96EDFD51973D49D007715F4 /* fee.sql in Resources */,
				531D68261976E652009C89D4 /* trip.sql in Resources */,
				530AE1CD1971168A002D69FD /* Launcher.xcassets in Resources */,
				5365ADE4196AC38900146C54 /* InfoPlist.strings in Resources */,
			);
			runOnlyForDeploymentPostprocessing = 0;
		};
		5365ADF8196AC38A00146C54 /* Resources */ = {
			isa = PBXResourcesBuildPhase;
			buildActionMask = 2147483647;
			files = (
				5365AE06196AC38A00146C54 /* InfoPlist.strings in Resources */,
			);
			runOnlyForDeploymentPostprocessing = 0;
		};
/* End PBXResourcesBuildPhase section */

/* Begin PBXShellScriptBuildPhase section */
		7EDDC3D60D0F44C292891DB5 /* Copy Pods Resources */ = {
			isa = PBXShellScriptBuildPhase;
			buildActionMask = 2147483647;
			files = (
			);
			inputPaths = (
			);
			name = "Copy Pods Resources";
			outputPaths = (
			);
			runOnlyForDeploymentPostprocessing = 0;
			shellPath = /bin/sh;
			shellScript = "\"${SRCROOT}/Pods/Pods-YoKoHaMa-resources.sh\"\n";
			showEnvVarsInLog = 0;
		};
		C580B2C48FF340DBB83FABA3 /* Check Pods Manifest.lock */ = {
			isa = PBXShellScriptBuildPhase;
			buildActionMask = 2147483647;
			files = (
			);
			inputPaths = (
			);
			name = "Check Pods Manifest.lock";
			outputPaths = (
			);
			runOnlyForDeploymentPostprocessing = 0;
			shellPath = /bin/sh;
			shellScript = "diff \"${PODS_ROOT}/../Podfile.lock\" \"${PODS_ROOT}/Manifest.lock\" > /dev/null\nif [[ $? != 0 ]] ; then\n    cat << EOM\nerror: The sandbox is not in sync with the Podfile.lock. Run 'pod install' or update your CocoaPods installation.\nEOM\n    exit 1\nfi\n";
			showEnvVarsInLog = 0;
		};
		EFF14C0913CD4F75896758F3 /* Copy Pods Resources */ = {
			isa = PBXShellScriptBuildPhase;
			buildActionMask = 2147483647;
			files = (
			);
			inputPaths = (
			);
			name = "Copy Pods Resources";
			outputPaths = (
			);
			runOnlyForDeploymentPostprocessing = 0;
			shellPath = /bin/sh;
			shellScript = "\"${SRCROOT}/Pods/Pods-YoKoHaMaTests-resources.sh\"\n";
			showEnvVarsInLog = 0;
		};
		FA4B103244CA4BFF894D9BC5 /* Check Pods Manifest.lock */ = {
			isa = PBXShellScriptBuildPhase;
			buildActionMask = 2147483647;
			files = (
			);
			inputPaths = (
			);
			name = "Check Pods Manifest.lock";
			outputPaths = (
			);
			runOnlyForDeploymentPostprocessing = 0;
			shellPath = /bin/sh;
			shellScript = "diff \"${PODS_ROOT}/../Podfile.lock\" \"${PODS_ROOT}/Manifest.lock\" > /dev/null\nif [[ $? != 0 ]] ; then\n    cat << EOM\nerror: The sandbox is not in sync with the Podfile.lock. Run 'pod install' or update your CocoaPods installation.\nEOM\n    exit 1\nfi\n";
			showEnvVarsInLog = 0;
		};
/* End PBXShellScriptBuildPhase section */

/* Begin PBXSourcesBuildPhase section */
		5365ADD2196AC38900146C54 /* Sources */ = {
			isa = PBXSourcesBuildPhase;
			buildActionMask = 2147483647;
			files = (
				53B239BB196AD2EF0071E92E /* UIImage+StackBlur.m in Sources */,
				A9ACE9751976511600AAA7F3 /* HMNavigationView.m in Sources */,
				53659CA01974B1560030F4CC /* HMTripInputView.m in Sources */,
				5365ADE6196AC38900146C54 /* main.m in Sources */,
				53659C83197409A40030F4CC /* HMFeeViewController.m in Sources */,
				A9219EDD198F2993001C9A20 /* UILabel+AttributedString.m in Sources */,
				53659C8B1974105F0030F4CC /* HMFeeTableViewCell.m in Sources */,
				530AE1D7197117B1002D69FD /* HMEquipmentViewController.m in Sources */,
				53B239BA196AD2EF0071E92E /* THZoomPopup.m in Sources */,
				539197991972D65C0027FF55 /* HMCommonViewModel.m in Sources */,
				A96EDFC21973D178007715F4 /* HMFeeDao.m in Sources */,
				A96EDFC91973D178007715F4 /* HMTrip.m in Sources */,
				53659C8E197410830030F4CC /* HMTripAddItemTableViewCell.m in Sources */,
				53659C8719740BEA0030F4CC /* HMTripViewController.m in Sources */,
				539197961972D43E0027FF55 /* HMWebViewController.m in Sources */,
				A96EDFD01973D18D007715F4 /* HMTripViewModel.m in Sources */,
				5358B4281976BF95003D8F20 /* HMTripHeaderView.m in Sources */,
				530AE1B919710CC8002D69FD /* HMNetwork.m in Sources */,
				5365ADEA196AC38900146C54 /* HMAppDelegate.m in Sources */,
				530AE1F319712044002D69FD /* HMCheckBox.m in Sources */,
				A96EDFCA1973D178007715F4 /* HMTravel.m in Sources */,
				53659C9D1974B12D0030F4CC /* HMTripStepView.m in Sources */,
				530AE1C019710E3A002D69FD /* HMSettings.m in Sources */,
				530AE1EC19711A67002D69FD /* HMListMenuView.m in Sources */,
				530AE1C319710ECD002D69FD /* HMBasicViewModel.m in Sources */,
				A96EDFD91973D4C5007715F4 /* HMDatabaseQueue.m in Sources */,
				530AE1DA197117C6002D69FD /* HMMoreViewController.m in Sources */,
				A96EDFC51973D178007715F4 /* HMTripDao.m in Sources */,
				530AE1D119711795002D69FD /* HMLauncherViewController.m in Sources */,
				530AE1E919711A47002D69FD /* HMFocusView.m in Sources */,
				A96EDFC81973D178007715F4 /* HMItem.m in Sources */,
				530AE1BC19710D29002D69FD /* HMAPI.m in Sources */,
				531D68241976CEA8009C89D4 /* HMRoad.m in Sources */,
				53659C9A19741FAD0030F4CC /* HMSumFeeView.m in Sources */,
				530AE1DD197117F7002D69FD /* HMRouteViewController.m in Sources */,
				A96EDFC31973D178007715F4 /* HMItemDao.m in Sources */,
				530AE1F619712E35002D69FD /* HMFocus.m in Sources */,
				530AE1E61971192E002D69FD /* HMTabBarController.m in Sources */,
				53659C91197410930030F4CC /* HMTripCheckItemTableViewCell.m in Sources */,
				53659C9719741F9D0030F4CC /* HMAddFeeView.m in Sources */,
				530AE1E319711907002D69FD /* HMNavigationController.m in Sources */,
				53659C941974119F0030F4CC /* HMTripListItemTableViewCell.m in Sources */,
				531D68211976CE4E009C89D4 /* HMRoute.m in Sources */,
				530AE1E0197118AA002D69FD /* HMLauncherView.m in Sources */,
				53B239B9196AD2EF0071E92E /* LKPopupMenuController.m in Sources */,
				5391979D1972D84A0027FF55 /* HMHelper.m in Sources */,
				530AE200197255C9002D69FD /* HMViewController.m in Sources */,
				530AE1D4197117A4002D69FD /* HMAssistantViewController.m in Sources */,
				530AE1FD1972518A002D69FD /* HMCollectionViewLayout.m in Sources */,
				530AE1EF19711A8F002D69FD /* HMGridContentView.m in Sources */,
				A96EDFD11973D18D007715F4 /* HMFeeViewModel.m in Sources */,
				A96EDFC41973D178007715F4 /* HMTravelDao.m in Sources */,
				530AE1F919716462002D69FD /* HMGridMenuViewCell.m in Sources */,
				A96EDFCB1973D178007715F4 /* HMFee.m in Sources */,
			);
			runOnlyForDeploymentPostprocessing = 0;
		};
		5365ADF6196AC38A00146C54 /* Sources */ = {
			isa = PBXSourcesBuildPhase;
			buildActionMask = 2147483647;
			files = (
				5365AE08196AC38A00146C54 /* YoKoHaMaTests.m in Sources */,
			);
			runOnlyForDeploymentPostprocessing = 0;
		};
/* End PBXSourcesBuildPhase section */

/* Begin PBXTargetDependency section */
		5365AE00196AC38A00146C54 /* PBXTargetDependency */ = {
			isa = PBXTargetDependency;
			target = 5365ADD5196AC38900146C54 /* YoKoHaMa */;
			targetProxy = 5365ADFF196AC38A00146C54 /* PBXContainerItemProxy */;
		};
/* End PBXTargetDependency section */

/* Begin PBXVariantGroup section */
		5365ADE2196AC38900146C54 /* InfoPlist.strings */ = {
			isa = PBXVariantGroup;
			children = (
				5365ADE3196AC38900146C54 /* en */,
			);
			name = InfoPlist.strings;
			sourceTree = "<group>";
		};
		5365AE04196AC38A00146C54 /* InfoPlist.strings */ = {
			isa = PBXVariantGroup;
			children = (
				5365AE05196AC38A00146C54 /* en */,
			);
			name = InfoPlist.strings;
			sourceTree = "<group>";
		};
/* End PBXVariantGroup section */

/* Begin XCBuildConfiguration section */
		5365AE09196AC38A00146C54 /* Debug */ = {
			isa = XCBuildConfiguration;
			buildSettings = {
				ALWAYS_SEARCH_USER_PATHS = NO;
				CLANG_CXX_LANGUAGE_STANDARD = "gnu++0x";
				CLANG_CXX_LIBRARY = "libc++";
				CLANG_ENABLE_MODULES = YES;
				CLANG_ENABLE_OBJC_ARC = YES;
				CLANG_WARN_BOOL_CONVERSION = YES;
				CLANG_WARN_CONSTANT_CONVERSION = YES;
				CLANG_WARN_DIRECT_OBJC_ISA_USAGE = YES_ERROR;
				CLANG_WARN_EMPTY_BODY = YES;
				CLANG_WARN_ENUM_CONVERSION = YES;
				CLANG_WARN_INT_CONVERSION = YES;
				CLANG_WARN_OBJC_ROOT_CLASS = YES_ERROR;
				CLANG_WARN__DUPLICATE_METHOD_MATCH = YES;
				"CODE_SIGN_IDENTITY[sdk=iphoneos*]" = "iPhone Developer";
				COPY_PHASE_STRIP = NO;
				GCC_C_LANGUAGE_STANDARD = gnu99;
				GCC_DYNAMIC_NO_PIC = NO;
				GCC_OPTIMIZATION_LEVEL = 0;
				GCC_PREPROCESSOR_DEFINITIONS = (
					"DEBUG=1",
					"$(inherited)",
				);
				GCC_SYMBOLS_PRIVATE_EXTERN = NO;
				GCC_WARN_64_TO_32_BIT_CONVERSION = YES;
				GCC_WARN_ABOUT_RETURN_TYPE = YES_ERROR;
				GCC_WARN_UNDECLARED_SELECTOR = YES;
				GCC_WARN_UNINITIALIZED_AUTOS = YES_AGGRESSIVE;
				GCC_WARN_UNUSED_FUNCTION = YES;
				GCC_WARN_UNUSED_VARIABLE = YES;
				IPHONEOS_DEPLOYMENT_TARGET = 7.1;
				ONLY_ACTIVE_ARCH = YES;
				SDKROOT = iphoneos;
			};
			name = Debug;
		};
		5365AE0A196AC38A00146C54 /* Release */ = {
			isa = XCBuildConfiguration;
			buildSettings = {
				ALWAYS_SEARCH_USER_PATHS = NO;
				CLANG_CXX_LANGUAGE_STANDARD = "gnu++0x";
				CLANG_CXX_LIBRARY = "libc++";
				CLANG_ENABLE_MODULES = YES;
				CLANG_ENABLE_OBJC_ARC = YES;
				CLANG_WARN_BOOL_CONVERSION = YES;
				CLANG_WARN_CONSTANT_CONVERSION = YES;
				CLANG_WARN_DIRECT_OBJC_ISA_USAGE = YES_ERROR;
				CLANG_WARN_EMPTY_BODY = YES;
				CLANG_WARN_ENUM_CONVERSION = YES;
				CLANG_WARN_INT_CONVERSION = YES;
				CLANG_WARN_OBJC_ROOT_CLASS = YES_ERROR;
				CLANG_WARN__DUPLICATE_METHOD_MATCH = YES;
				"CODE_SIGN_IDENTITY[sdk=iphoneos*]" = "iPhone Developer";
				COPY_PHASE_STRIP = YES;
				ENABLE_NS_ASSERTIONS = NO;
				GCC_C_LANGUAGE_STANDARD = gnu99;
				GCC_WARN_64_TO_32_BIT_CONVERSION = YES;
				GCC_WARN_ABOUT_RETURN_TYPE = YES_ERROR;
				GCC_WARN_UNDECLARED_SELECTOR = YES;
				GCC_WARN_UNINITIALIZED_AUTOS = YES_AGGRESSIVE;
				GCC_WARN_UNUSED_FUNCTION = YES;
				GCC_WARN_UNUSED_VARIABLE = YES;
				IPHONEOS_DEPLOYMENT_TARGET = 7.1;
				SDKROOT = iphoneos;
				VALIDATE_PRODUCT = YES;
			};
			name = Release;
		};
		5365AE0C196AC38A00146C54 /* Debug */ = {
			isa = XCBuildConfiguration;
			baseConfigurationReference = 87D1E57026514EB090108446 /* Pods-YoKoHaMa.xcconfig */;
			buildSettings = {
				ARCHS = "$(ARCHS_STANDARD_32_BIT)";
				ASSETCATALOG_COMPILER_APPICON_NAME = AppIcon;
				ASSETCATALOG_COMPILER_LAUNCHIMAGE_NAME = LaunchImage;
				GCC_PRECOMPILE_PREFIX_HEADER = YES;
				GCC_PREFIX_HEADER = "YoKoHaMa/YoKoHaMa-Prefix.pch";
				INFOPLIST_FILE = "YoKoHaMa/YoKoHaMa-Info.plist";
				IPHONEOS_DEPLOYMENT_TARGET = 7.0;
				PRODUCT_NAME = "$(TARGET_NAME)";
				PROVISIONING_PROFILE = "D2447BF8-2935-4B11-93B3-94E7D87CACF7";
				WRAPPER_EXTENSION = app;
			};
			name = Debug;
		};
		5365AE0D196AC38A00146C54 /* Release */ = {
			isa = XCBuildConfiguration;
			baseConfigurationReference = 87D1E57026514EB090108446 /* Pods-YoKoHaMa.xcconfig */;
			buildSettings = {
				ARCHS = "$(ARCHS_STANDARD_32_BIT)";
				ASSETCATALOG_COMPILER_APPICON_NAME = AppIcon;
				ASSETCATALOG_COMPILER_LAUNCHIMAGE_NAME = LaunchImage;
				"CODE_SIGN_IDENTITY[sdk=iphoneos*]" = "iPhone Distribution: Wang Xiaolong (SXDA35MS33)";
				GCC_PRECOMPILE_PREFIX_HEADER = YES;
				GCC_PREFIX_HEADER = "YoKoHaMa/YoKoHaMa-Prefix.pch";
				INFOPLIST_FILE = "YoKoHaMa/YoKoHaMa-Info.plist";
				IPHONEOS_DEPLOYMENT_TARGET = 7.0;
				PRODUCT_NAME = "$(TARGET_NAME)";
				PROVISIONING_PROFILE = "D2447BF8-2935-4B11-93B3-94E7D87CACF7";
				WRAPPER_EXTENSION = app;
			};
			name = Release;
		};
		5365AE0F196AC38A00146C54 /* Debug */ = {
			isa = XCBuildConfiguration;
			baseConfigurationReference = B71CEFF9604A4D5889E14A2C /* Pods-YoKoHaMaTests.xcconfig */;
			buildSettings = {
				BUNDLE_LOADER = "$(BUILT_PRODUCTS_DIR)/YoKoHaMa.app/YoKoHaMa";
				FRAMEWORK_SEARCH_PATHS = (
					"$(SDKROOT)/Developer/Library/Frameworks",
					"$(inherited)",
					"$(DEVELOPER_FRAMEWORKS_DIR)",
				);
				GCC_PRECOMPILE_PREFIX_HEADER = YES;
				GCC_PREFIX_HEADER = "YoKoHaMa/YoKoHaMa-Prefix.pch";
				GCC_PREPROCESSOR_DEFINITIONS = (
					"DEBUG=1",
					"$(inherited)",
				);
				INFOPLIST_FILE = "YoKoHaMaTests/YoKoHaMaTests-Info.plist";
				PRODUCT_NAME = "$(TARGET_NAME)";
				TEST_HOST = "$(BUNDLE_LOADER)";
				WRAPPER_EXTENSION = xctest;
			};
			name = Debug;
		};
		5365AE10196AC38A00146C54 /* Release */ = {
			isa = XCBuildConfiguration;
			baseConfigurationReference = B71CEFF9604A4D5889E14A2C /* Pods-YoKoHaMaTests.xcconfig */;
			buildSettings = {
				BUNDLE_LOADER = "$(BUILT_PRODUCTS_DIR)/YoKoHaMa.app/YoKoHaMa";
				FRAMEWORK_SEARCH_PATHS = (
					"$(SDKROOT)/Developer/Library/Frameworks",
					"$(inherited)",
					"$(DEVELOPER_FRAMEWORKS_DIR)",
				);
				GCC_PRECOMPILE_PREFIX_HEADER = YES;
				GCC_PREFIX_HEADER = "YoKoHaMa/YoKoHaMa-Prefix.pch";
				INFOPLIST_FILE = "YoKoHaMaTests/YoKoHaMaTests-Info.plist";
				PRODUCT_NAME = "$(TARGET_NAME)";
				TEST_HOST = "$(BUNDLE_LOADER)";
				WRAPPER_EXTENSION = xctest;
			};
			name = Release;
		};
/* End XCBuildConfiguration section */

/* Begin XCConfigurationList section */
		5365ADD1196AC38900146C54 /* Build configuration list for PBXProject "YoKoHaMa" */ = {
			isa = XCConfigurationList;
			buildConfigurations = (
				5365AE09196AC38A00146C54 /* Debug */,
				5365AE0A196AC38A00146C54 /* Release */,
			);
			defaultConfigurationIsVisible = 0;
			defaultConfigurationName = Release;
		};
		5365AE0B196AC38A00146C54 /* Build configuration list for PBXNativeTarget "YoKoHaMa" */ = {
			isa = XCConfigurationList;
			buildConfigurations = (
				5365AE0C196AC38A00146C54 /* Debug */,
				5365AE0D196AC38A00146C54 /* Release */,
			);
			defaultConfigurationIsVisible = 0;
			defaultConfigurationName = Release;
		};
		5365AE0E196AC38A00146C54 /* Build configuration list for PBXNativeTarget "YoKoHaMaTests" */ = {
			isa = XCConfigurationList;
			buildConfigurations = (
				5365AE0F196AC38A00146C54 /* Debug */,
				5365AE10196AC38A00146C54 /* Release */,
			);
			defaultConfigurationIsVisible = 0;
			defaultConfigurationName = Release;
		};
/* End XCConfigurationList section */
	};
	rootObject = 5365ADCE196AC38900146C54 /* Project object */;
}
